
Microsoft Visual Studio Solution File, Format Version 12.00
# Visual Studio Version 17
VisualStudioVersion = 17.0.31903.59
MinimumVisualStudioVersion = 10.0.40219.1
Project("{FAE04EC0-301F-11D3-BF4B-00C04F79EFBC}") = "TorreClou.Core", "TorreClou.Core\TorreClou.Core.csproj", "{89712109-5D08-479A-896A-89661D8F55C6}"
EndProject
Project("{FAE04EC0-301F-11D3-BF4B-00C04F79EFBC}") = "TorreClou.Application", "TorreClou.Application\TorreClou.Application.csproj", "{7D70DE36-B11D-4CE5-AAC6-FF4BA79B19AD}"
EndProject
Project("{FAE04EC0-301F-11D3-BF4B-00C04F79EFBC}") = "TorreClou.Infrastructure", "TorreClou.Infrastructure\TorreClou.Infrastructure.csproj", "{41ABD6CA-61EF-4A4D-880F-AD2A1060A029}"
EndProject
Project("{FAE04EC0-301F-11D3-BF4B-00C04F79EFBC}") = "TorreClou.API", "TorreClou.API\TorreClou.API.csproj", "{48180A76-0E46-48FB-A5E8-35E48AED20F7}"
EndProject
Project("{FAE04EC0-301F-11D3-BF4B-00C04F79EFBC}") = "TorreClou.Worker", "TorreClou.Worker\TorreClou.Worker.csproj", "{FF036F9F-6849-4BD4-B755-333C5F3A3AFD}"
EndProject
Project("{FAE04EC0-301F-11D3-BF4B-00C04F79EFBC}") = "TorreClou.GoogleDrive.Worker", "TorreClou.GoogleDrive.Worker\TorreClou.GoogleDrive.Worker.csproj", "{4C722B35-1F4F-806C-B8D1-9473534610C5}"
EndProject
Project("{FAE04EC0-301F-11D3-BF4B-00C04F79EFBC}") = "TorreClou.Sync.Worker", "TorreClou.Sync.Worker\TorreClou.Sync.Worker.csproj", "{A1B2C3D4-E5F6-7890-ABCD-EF1234567890}"
EndProject
Global
	GlobalSection(SolutionConfigurationPlatforms) = preSolution
		Debug|Any CPU = Debug|Any CPU
		Debug|x64 = Debug|x64
		Debug|x86 = Debug|x86
		Release|Any CPU = Release|Any CPU
		Release|x64 = Release|x64
		Release|x86 = Release|x86
	EndGlobalSection
	GlobalSection(ProjectConfigurationPlatforms) = postSolution
		{89712109-5D08-479A-896A-89661D8F55C6}.Debug|Any CPU.ActiveCfg = Debug|Any CPU
		{89712109-5D08-479A-896A-89661D8F55C6}.Debug|Any CPU.Build.0 = Debug|Any CPU
		{89712109-5D08-479A-896A-89661D8F55C6}.Debug|x64.ActiveCfg = Debug|Any CPU
		{89712109-5D08-479A-896A-89661D8F55C6}.Debug|x64.Build.0 = Debug|Any CPU
		{89712109-5D08-479A-896A-89661D8F55C6}.Debug|x86.ActiveCfg = Debug|Any CPU
		{89712109-5D08-479A-896A-89661D8F55C6}.Debug|x86.Build.0 = Debug|Any CPU
		{89712109-5D08-479A-896A-89661D8F55C6}.Release|Any CPU.ActiveCfg = Release|Any CPU
		{89712109-5D08-479A-896A-89661D8F55C6}.Release|Any CPU.Build.0 = Release|Any CPU
		{89712109-5D08-479A-896A-89661D8F55C6}.Release|x64.ActiveCfg = Release|Any CPU
		{89712109-5D08-479A-896A-89661D8F55C6}.Release|x64.Build.0 = Release|Any CPU
		{89712109-5D08-479A-896A-89661D8F55C6}.Release|x86.ActiveCfg = Release|Any CPU
		{89712109-5D08-479A-896A-89661D8F55C6}.Release|x86.Build.0 = Release|Any CPU
		{7D70DE36-B11D-4CE5-AAC6-FF4BA79B19AD}.Debug|Any CPU.ActiveCfg = Debug|Any CPU
		{7D70DE36-B11D-4CE5-AAC6-FF4BA79B19AD}.Debug|Any CPU.Build.0 = Debug|Any CPU
		{7D70DE36-B11D-4CE5-AAC6-FF4BA79B19AD}.Debug|x64.ActiveCfg = Debug|Any CPU
		{7D70DE36-B11D-4CE5-AAC6-FF4BA79B19AD}.Debug|x64.Build.0 = Debug|Any CPU
		{7D70DE36-B11D-4CE5-AAC6-FF4BA79B19AD}.Debug|x86.ActiveCfg = Debug|Any CPU
		{7D70DE36-B11D-4CE5-AAC6-FF4BA79B19AD}.Debug|x86.Build.0 = Debug|Any CPU
		{7D70DE36-B11D-4CE5-AAC6-FF4BA79B19AD}.Release|Any CPU.ActiveCfg = Release|Any CPU
		{7D70DE36-B11D-4CE5-AAC6-FF4BA79B19AD}.Release|Any CPU.Build.0 = Release|Any CPU
		{7D70DE36-B11D-4CE5-AAC6-FF4BA79B19AD}.Release|x64.ActiveCfg = Release|Any CPU
		{7D70DE36-B11D-4CE5-AAC6-FF4BA79B19AD}.Release|x64.Build.0 = Release|Any CPU
		{7D70DE36-B11D-4CE5-AAC6-FF4BA79B19AD}.Release|x86.ActiveCfg = Release|Any CPU
		{7D70DE36-B11D-4CE5-AAC6-FF4BA79B19AD}.Release|x86.Build.0 = Release|Any CPU
		{41ABD6CA-61EF-4A4D-880F-AD2A1060A029}.Debug|Any CPU.ActiveCfg = Debug|Any CPU
		{41ABD6CA-61EF-4A4D-880F-AD2A1060A029}.Debug|Any CPU.Build.0 = Debug|Any CPU
		{41ABD6CA-61EF-4A4D-880F-AD2A1060A029}.Debug|x64.ActiveCfg = Debug|Any CPU
		{41ABD6CA-61EF-4A4D-880F-AD2A1060A029}.Debug|x64.Build.0 = Debug|Any CPU
		{41ABD6CA-61EF-4A4D-880F-AD2A1060A029}.Debug|x86.ActiveCfg = Debug|Any CPU
		{41ABD6CA-61EF-4A4D-880F-AD2A1060A029}.Debug|x86.Build.0 = Debug|Any CPU
		{41ABD6CA-61EF-4A4D-880F-AD2A1060A029}.Release|Any CPU.ActiveCfg = Release|Any CPU
		{41ABD6CA-61EF-4A4D-880F-AD2A1060A029}.Release|Any CPU.Build.0 = Release|Any CPU
		{41ABD6CA-61EF-4A4D-880F-AD2A1060A029}.Release|x64.ActiveCfg = Release|Any CPU
		{41ABD6CA-61EF-4A4D-880F-AD2A1060A029}.Release|x64.Build.0 = Release|Any CPU
		{41ABD6CA-61EF-4A4D-880F-AD2A1060A029}.Release|x86.ActiveCfg = Release|Any CPU
		{41ABD6CA-61EF-4A4D-880F-AD2A1060A029}.Release|x86.Build.0 = Release|Any CPU
		{48180A76-0E46-48FB-A5E8-35E48AED20F7}.Debug|Any CPU.ActiveCfg = Debug|Any CPU
		{48180A76-0E46-48FB-A5E8-35E48AED20F7}.Debug|Any CPU.Build.0 = Debug|Any CPU
		{48180A76-0E46-48FB-A5E8-35E48AED20F7}.Debug|x64.ActiveCfg = Debug|Any CPU
		{48180A76-0E46-48FB-A5E8-35E48AED20F7}.Debug|x64.Build.0 = Debug|Any CPU
		{48180A76-0E46-48FB-A5E8-35E48AED20F7}.Debug|x86.ActiveCfg = Debug|Any CPU
		{48180A76-0E46-48FB-A5E8-35E48AED20F7}.Debug|x86.Build.0 = Debug|Any CPU
		{48180A76-0E46-48FB-A5E8-35E48AED20F7}.Release|Any CPU.ActiveCfg = Release|Any CPU
		{48180A76-0E46-48FB-A5E8-35E48AED20F7}.Release|Any CPU.Build.0 = Release|Any CPU
		{48180A76-0E46-48FB-A5E8-35E48AED20F7}.Release|x64.ActiveCfg = Release|Any CPU
		{48180A76-0E46-48FB-A5E8-35E48AED20F7}.Release|x64.Build.0 = Release|Any CPU
		{48180A76-0E46-48FB-A5E8-35E48AED20F7}.Release|x86.ActiveCfg = Release|Any CPU
		{48180A76-0E46-48FB-A5E8-35E48AED20F7}.Release|x86.Build.0 = Release|Any CPU
		{FF036F9F-6849-4BD4-B755-333C5F3A3AFD}.Debug|Any CPU.ActiveCfg = Debug|Any CPU
		{FF036F9F-6849-4BD4-B755-333C5F3A3AFD}.Debug|Any CPU.Build.0 = Debug|Any CPU
		{FF036F9F-6849-4BD4-B755-333C5F3A3AFD}.Debug|x64.ActiveCfg = Debug|Any CPU
		{FF036F9F-6849-4BD4-B755-333C5F3A3AFD}.Debug|x64.Build.0 = Debug|Any CPU
		{FF036F9F-6849-4BD4-B755-333C5F3A3AFD}.Debug|x86.ActiveCfg = Debug|Any CPU
		{FF036F9F-6849-4BD4-B755-333C5F3A3AFD}.Debug|x86.Build.0 = Debug|Any CPU
		{FF036F9F-6849-4BD4-B755-333C5F3A3AFD}.Release|Any CPU.ActiveCfg = Release|Any CPU
		{FF036F9F-6849-4BD4-B755-333C5F3A3AFD}.Release|Any CPU.Build.0 = Release|Any CPU
		{FF036F9F-6849-4BD4-B755-333C5F3A3AFD}.Release|x64.ActiveCfg = Release|Any CPU
		{FF036F9F-6849-4BD4-B755-333C5F3A3AFD}.Release|x64.Build.0 = Release|Any CPU
		{FF036F9F-6849-4BD4-B755-333C5F3A3AFD}.Release|x86.ActiveCfg = Release|Any CPU
		{FF036F9F-6849-4BD4-B755-333C5F3A3AFD}.Release|x86.Build.0 = Release|Any CPU
		{4C722B35-1F4F-806C-B8D1-9473534610C5}.Debug|Any CPU.ActiveCfg = Debug|Any CPU
		{4C722B35-1F4F-806C-B8D1-9473534610C5}.Debug|Any CPU.Build.0 = Debug|Any CPU
		{4C722B35-1F4F-806C-B8D1-9473534610C5}.Debug|x64.ActiveCfg = Debug|Any CPU
		{4C722B35-1F4F-806C-B8D1-9473534610C5}.Debug|x64.Build.0 = Debug|Any CPU
		{4C722B35-1F4F-806C-B8D1-9473534610C5}.Debug|x86.ActiveCfg = Debug|Any CPU
		{4C722B35-1F4F-806C-B8D1-9473534610C5}.Debug|x86.Build.0 = Debug|Any CPU
		{4C722B35-1F4F-806C-B8D1-9473534610C5}.Release|Any CPU.ActiveCfg = Release|Any CPU
		{4C722B35-1F4F-806C-B8D1-9473534610C5}.Release|Any CPU.Build.0 = Release|Any CPU
		{4C722B35-1F4F-806C-B8D1-9473534610C5}.Release|x64.ActiveCfg = Release|Any CPU
		{4C722B35-1F4F-806C-B8D1-9473534610C5}.Release|x64.Build.0 = Release|Any CPU
		{4C722B35-1F4F-806C-B8D1-9473534610C5}.Release|x86.ActiveCfg = Release|Any CPU
		{4C722B35-1F4F-806C-B8D1-9473534610C5}.Release|x86.Build.0 = Release|Any CPU
		{A1B2C3D4-E5F6-7890-ABCD-EF1234567890}.Debug|Any CPU.ActiveCfg = Debug|Any CPU
		{A1B2C3D4-E5F6-7890-ABCD-EF1234567890}.Debug|Any CPU.Build.0 = Debug|Any CPU
		{A1B2C3D4-E5F6-7890-ABCD-EF1234567890}.Debug|x64.ActiveCfg = Debug|Any CPU
		{A1B2C3D4-E5F6-7890-ABCD-EF1234567890}.Debug|x64.Build.0 = Debug|Any CPU
		{A1B2C3D4-E5F6-7890-ABCD-EF1234567890}.Debug|x86.ActiveCfg = Debug|Any CPU
		{A1B2C3D4-E5F6-7890-ABCD-EF1234567890}.Debug|x86.Build.0 = Debug|Any CPU
		{A1B2C3D4-E5F6-7890-ABCD-EF1234567890}.Release|Any CPU.ActiveCfg = Release|Any CPU
		{A1B2C3D4-E5F6-7890-ABCD-EF1234567890}.Release|Any CPU.Build.0 = Release|Any CPU
		{A1B2C3D4-E5F6-7890-ABCD-EF1234567890}.Release|x64.ActiveCfg = Release|Any CPU
		{A1B2C3D4-E5F6-7890-ABCD-EF1234567890}.Release|x64.Build.0 = Release|Any CPU
		{A1B2C3D4-E5F6-7890-ABCD-EF1234567890}.Release|x86.ActiveCfg = Release|Any CPU
		{A1B2C3D4-E5F6-7890-ABCD-EF1234567890}.Release|x86.Build.0 = Release|Any CPU
	EndGlobalSection
	GlobalSection(SolutionProperties) = preSolution
		HideSolutionNode = FALSE
	EndGlobalSection
EndGlobal
